// !$*UTF8*$!
{
	archiveVersion = 1;
	classes = {
	};
	objectVersion = 56;
	objects = {

/* Begin PBXBuildFile section */
		DC1E54F52C0FA9620016FEDB /* DetailViewButton.swift in Sources */ = {isa = PBXBuildFile; fileRef = DC1E54F42C0FA9620016FEDB /* DetailViewButton.swift */; };
		DC1E54F72C0FA9EF0016FEDB /* Colors.xcassets in Resources */ = {isa = PBXBuildFile; fileRef = DC1E54F62C0FA9EF0016FEDB /* Colors.xcassets */; };
		DC1E54F92C0FAB630016FEDB /* CastCrewCell.swift in Sources */ = {isa = PBXBuildFile; fileRef = DC1E54F82C0FAB630016FEDB /* CastCrewCell.swift */; };
		DC5F88412BFDDDA500C7657E /* MovieAppApp.swift in Sources */ = {isa = PBXBuildFile; fileRef = DC5F88402BFDDDA500C7657E /* MovieAppApp.swift */; };
		DC5F88432BFDDDA500C7657E /* MoviesView.swift in Sources */ = {isa = PBXBuildFile; fileRef = DC5F88422BFDDDA500C7657E /* MoviesView.swift */; };
		DC5F88452BFDDDA600C7657E /* Assets.xcassets in Resources */ = {isa = PBXBuildFile; fileRef = DC5F88442BFDDDA600C7657E /* Assets.xcassets */; };
		DC5F88482BFDDDA600C7657E /* Preview Assets.xcassets in Resources */ = {isa = PBXBuildFile; fileRef = DC5F88472BFDDDA600C7657E /* Preview Assets.xcassets */; };
		DC5F88522BFDDDA600C7657E /* MovieAppTests.swift in Sources */ = {isa = PBXBuildFile; fileRef = DC5F88512BFDDDA600C7657E /* MovieAppTests.swift */; };
		DC5F885C2BFDDDA600C7657E /* MovieAppUITests.swift in Sources */ = {isa = PBXBuildFile; fileRef = DC5F885B2BFDDDA600C7657E /* MovieAppUITests.swift */; };
		DC5F885E2BFDDDA600C7657E /* MovieAppUITestsLaunchTests.swift in Sources */ = {isa = PBXBuildFile; fileRef = DC5F885D2BFDDDA600C7657E /* MovieAppUITestsLaunchTests.swift */; };
		DC668EF02C18944700CAB342 /* Int+Extensions.swift in Sources */ = {isa = PBXBuildFile; fileRef = DC668EEF2C18944700CAB342 /* Int+Extensions.swift */; };
		DC6C5D0F2BFDEFD500968B0B /* Networkable.swift in Sources */ = {isa = PBXBuildFile; fileRef = DC6C5D0E2BFDEFD500968B0B /* Networkable.swift */; };
		DC6C5D112BFDEFEF00968B0B /* Networkable+Extensions.swift in Sources */ = {isa = PBXBuildFile; fileRef = DC6C5D102BFDEFEF00968B0B /* Networkable+Extensions.swift */; };
		DC6C5D132BFDF00C00968B0B /* Bundle+Extensions.swift in Sources */ = {isa = PBXBuildFile; fileRef = DC6C5D122BFDF00C00968B0B /* Bundle+Extensions.swift */; };
		DC6C5D152BFDF01D00968B0B /* NSError.swift in Sources */ = {isa = PBXBuildFile; fileRef = DC6C5D142BFDF01D00968B0B /* NSError.swift */; };
		DC6C5D172BFDF03500968B0B /* URL+Extensions.swift in Sources */ = {isa = PBXBuildFile; fileRef = DC6C5D162BFDF03500968B0B /* URL+Extensions.swift */; };
		DC6C5D192BFDF32200968B0B /* RequestMethod.swift in Sources */ = {isa = PBXBuildFile; fileRef = DC6C5D182BFDF32200968B0B /* RequestMethod.swift */; };
		DC6C5D1B2BFDF33400968B0B /* ContentType.swift in Sources */ = {isa = PBXBuildFile; fileRef = DC6C5D1A2BFDF33400968B0B /* ContentType.swift */; };
		DC6C5D1F2BFDF35E00968B0B /* Movie.swift in Sources */ = {isa = PBXBuildFile; fileRef = DC6C5D1E2BFDF35E00968B0B /* Movie.swift */; };
		DC6C5D232BFDF38C00968B0B /* API.swift in Sources */ = {isa = PBXBuildFile; fileRef = DC6C5D222BFDF38C00968B0B /* API.swift */; };
		DC6C5D252BFDF50900968B0B /* MoviesViewModel.swift in Sources */ = {isa = PBXBuildFile; fileRef = DC6C5D242BFDF50900968B0B /* MoviesViewModel.swift */; };
		DC8D067F2C0EFCB400FA23EE /* Color+Extensions.swift in Sources */ = {isa = PBXBuildFile; fileRef = DC8D067E2C0EFCB400FA23EE /* Color+Extensions.swift */; };
		DC9686A42C012C6900D0D549 /* MovieCardView.swift in Sources */ = {isa = PBXBuildFile; fileRef = DC9686A32C012C6900D0D549 /* MovieCardView.swift */; };
		DC9686A62C012F5B00D0D549 /* MovieTabView.swift in Sources */ = {isa = PBXBuildFile; fileRef = DC9686A52C012F5B00D0D549 /* MovieTabView.swift */; };
		DC9686A82C012FD400D0D549 /* FavoritesView.swift in Sources */ = {isa = PBXBuildFile; fileRef = DC9686A72C012FD400D0D549 /* FavoritesView.swift */; };
		DC9686AA2C01300500D0D549 /* ProfileView.swift in Sources */ = {isa = PBXBuildFile; fileRef = DC9686A92C01300500D0D549 /* ProfileView.swift */; };
		DC9964432C164CBF007D5D9B /* CastCrewView.swift in Sources */ = {isa = PBXBuildFile; fileRef = DC9964422C164CBF007D5D9B /* CastCrewView.swift */; };
		DC9D515F2C1A478B00C9AAC5 /* Model.swift in Sources */ = {isa = PBXBuildFile; fileRef = DC9D515E2C1A478B00C9AAC5 /* Model.swift */; };
		DCA02C5E2C0278560073E790 /* StarsRatingView.swift in Sources */ = {isa = PBXBuildFile; fileRef = DCA02C5D2C0278560073E790 /* StarsRatingView.swift */; };
		DCA829D92C1065B40090B6CF /* MovieDetailModel.swift in Sources */ = {isa = PBXBuildFile; fileRef = DCA829D82C1065B40090B6CF /* MovieDetailModel.swift */; };
		DCA829DB2C1067100090B6CF /* MovieDetailViewModel.swift in Sources */ = {isa = PBXBuildFile; fileRef = DCA829DA2C1067100090B6CF /* MovieDetailViewModel.swift */; };
		DCB6B96B2C03C1790015F621 /* Kingfisher in Frameworks */ = {isa = PBXBuildFile; productRef = DCB6B96A2C03C1790015F621 /* Kingfisher */; };
		DCB6B96F2C03CF330015F621 /* MovieDetailView.swift in Sources */ = {isa = PBXBuildFile; fileRef = DCB6B96E2C03CF330015F621 /* MovieDetailView.swift */; };
		DCE0C5AA2C172E12001D7E81 /* PhotosView.swift in Sources */ = {isa = PBXBuildFile; fileRef = DCE0C5A92C172E12001D7E81 /* PhotosView.swift */; };
		DCE0C5AC2C1739DD001D7E81 /* FavoriteAnimationView.swift in Sources */ = {isa = PBXBuildFile; fileRef = DCE0C5AB2C1739DD001D7E81 /* FavoriteAnimationView.swift */; };
		DCEC87B82C0DDC6D00E721D6 /* MoviesModel.swift in Sources */ = {isa = PBXBuildFile; fileRef = DCEC87B72C0DDC6D00E721D6 /* MoviesModel.swift */; };
/* End PBXBuildFile section */

/* Begin PBXContainerItemProxy section */
		DC5F884E2BFDDDA600C7657E /* PBXContainerItemProxy */ = {
			isa = PBXContainerItemProxy;
			containerPortal = DC5F88352BFDDDA500C7657E /* Project object */;
			proxyType = 1;
			remoteGlobalIDString = DC5F883C2BFDDDA500C7657E;
			remoteInfo = MovieApp;
		};
		DC5F88582BFDDDA600C7657E /* PBXContainerItemProxy */ = {
			isa = PBXContainerItemProxy;
			containerPortal = DC5F88352BFDDDA500C7657E /* Project object */;
			proxyType = 1;
			remoteGlobalIDString = DC5F883C2BFDDDA500C7657E;
			remoteInfo = MovieApp;
		};
/* End PBXContainerItemProxy section */

/* Begin PBXFileReference section */
		DC1E54F42C0FA9620016FEDB /* DetailViewButton.swift */ = {isa = PBXFileReference; lastKnownFileType = sourcecode.swift; path = DetailViewButton.swift; sourceTree = "<group>"; };
		DC1E54F62C0FA9EF0016FEDB /* Colors.xcassets */ = {isa = PBXFileReference; lastKnownFileType = folder.assetcatalog; path = Colors.xcassets; sourceTree = "<group>"; };
		DC1E54F82C0FAB630016FEDB /* CastCrewCell.swift */ = {isa = PBXFileReference; lastKnownFileType = sourcecode.swift; path = CastCrewCell.swift; sourceTree = "<group>"; };
		DC5F883D2BFDDDA500C7657E /* MovieApp.app */ = {isa = PBXFileReference; explicitFileType = wrapper.application; includeInIndex = 0; path = MovieApp.app; sourceTree = BUILT_PRODUCTS_DIR; };
		DC5F88402BFDDDA500C7657E /* MovieAppApp.swift */ = {isa = PBXFileReference; lastKnownFileType = sourcecode.swift; path = MovieAppApp.swift; sourceTree = "<group>"; };
		DC5F88422BFDDDA500C7657E /* MoviesView.swift */ = {isa = PBXFileReference; lastKnownFileType = sourcecode.swift; path = MoviesView.swift; sourceTree = "<group>"; };
		DC5F88442BFDDDA600C7657E /* Assets.xcassets */ = {isa = PBXFileReference; lastKnownFileType = folder.assetcatalog; path = Assets.xcassets; sourceTree = "<group>"; };
		DC5F88472BFDDDA600C7657E /* Preview Assets.xcassets */ = {isa = PBXFileReference; lastKnownFileType = folder.assetcatalog; path = "Preview Assets.xcassets"; sourceTree = "<group>"; };
		DC5F884D2BFDDDA600C7657E /* MovieAppTests.xctest */ = {isa = PBXFileReference; explicitFileType = wrapper.cfbundle; includeInIndex = 0; path = MovieAppTests.xctest; sourceTree = BUILT_PRODUCTS_DIR; };
		DC5F88512BFDDDA600C7657E /* MovieAppTests.swift */ = {isa = PBXFileReference; lastKnownFileType = sourcecode.swift; path = MovieAppTests.swift; sourceTree = "<group>"; };
		DC5F88572BFDDDA600C7657E /* MovieAppUITests.xctest */ = {isa = PBXFileReference; explicitFileType = wrapper.cfbundle; includeInIndex = 0; path = MovieAppUITests.xctest; sourceTree = BUILT_PRODUCTS_DIR; };
		DC5F885B2BFDDDA600C7657E /* MovieAppUITests.swift */ = {isa = PBXFileReference; lastKnownFileType = sourcecode.swift; path = MovieAppUITests.swift; sourceTree = "<group>"; };
		DC5F885D2BFDDDA600C7657E /* MovieAppUITestsLaunchTests.swift */ = {isa = PBXFileReference; lastKnownFileType = sourcecode.swift; path = MovieAppUITestsLaunchTests.swift; sourceTree = "<group>"; };
		DC668EEF2C18944700CAB342 /* Int+Extensions.swift */ = {isa = PBXFileReference; lastKnownFileType = sourcecode.swift; path = "Int+Extensions.swift"; sourceTree = "<group>"; };
		DC6C5D0B2BFDEE0900968B0B /* Production.xcconfig */ = {isa = PBXFileReference; lastKnownFileType = text.xcconfig; path = Production.xcconfig; sourceTree = "<group>"; };
		DC6C5D0C2BFDEE1100968B0B /* Development.xcconfig */ = {isa = PBXFileReference; lastKnownFileType = text.xcconfig; path = Development.xcconfig; sourceTree = "<group>"; };
		DC6C5D0D2BFDEE8C00968B0B /* Info.plist */ = {isa = PBXFileReference; lastKnownFileType = text.plist; path = Info.plist; sourceTree = "<group>"; };
		DC6C5D0E2BFDEFD500968B0B /* Networkable.swift */ = {isa = PBXFileReference; lastKnownFileType = sourcecode.swift; path = Networkable.swift; sourceTree = "<group>"; };
		DC6C5D102BFDEFEF00968B0B /* Networkable+Extensions.swift */ = {isa = PBXFileReference; lastKnownFileType = sourcecode.swift; path = "Networkable+Extensions.swift"; sourceTree = "<group>"; };
		DC6C5D122BFDF00C00968B0B /* Bundle+Extensions.swift */ = {isa = PBXFileReference; lastKnownFileType = sourcecode.swift; path = "Bundle+Extensions.swift"; sourceTree = "<group>"; };
		DC6C5D142BFDF01D00968B0B /* NSError.swift */ = {isa = PBXFileReference; lastKnownFileType = sourcecode.swift; path = NSError.swift; sourceTree = "<group>"; };
		DC6C5D162BFDF03500968B0B /* URL+Extensions.swift */ = {isa = PBXFileReference; lastKnownFileType = sourcecode.swift; path = "URL+Extensions.swift"; sourceTree = "<group>"; };
		DC6C5D182BFDF32200968B0B /* RequestMethod.swift */ = {isa = PBXFileReference; lastKnownFileType = sourcecode.swift; path = RequestMethod.swift; sourceTree = "<group>"; };
		DC6C5D1A2BFDF33400968B0B /* ContentType.swift */ = {isa = PBXFileReference; lastKnownFileType = sourcecode.swift; path = ContentType.swift; sourceTree = "<group>"; };
		DC6C5D1E2BFDF35E00968B0B /* Movie.swift */ = {isa = PBXFileReference; lastKnownFileType = sourcecode.swift; path = Movie.swift; sourceTree = "<group>"; };
		DC6C5D222BFDF38C00968B0B /* API.swift */ = {isa = PBXFileReference; lastKnownFileType = sourcecode.swift; path = API.swift; sourceTree = "<group>"; };
		DC6C5D242BFDF50900968B0B /* MoviesViewModel.swift */ = {isa = PBXFileReference; lastKnownFileType = sourcecode.swift; path = MoviesViewModel.swift; sourceTree = "<group>"; };
		DC8D067E2C0EFCB400FA23EE /* Color+Extensions.swift */ = {isa = PBXFileReference; lastKnownFileType = sourcecode.swift; path = "Color+Extensions.swift"; sourceTree = "<group>"; };
		DC9686A32C012C6900D0D549 /* MovieCardView.swift */ = {isa = PBXFileReference; lastKnownFileType = sourcecode.swift; path = MovieCardView.swift; sourceTree = "<group>"; };
		DC9686A52C012F5B00D0D549 /* MovieTabView.swift */ = {isa = PBXFileReference; lastKnownFileType = sourcecode.swift; path = MovieTabView.swift; sourceTree = "<group>"; };
		DC9686A72C012FD400D0D549 /* FavoritesView.swift */ = {isa = PBXFileReference; lastKnownFileType = sourcecode.swift; path = FavoritesView.swift; sourceTree = "<group>"; };
		DC9686A92C01300500D0D549 /* ProfileView.swift */ = {isa = PBXFileReference; lastKnownFileType = sourcecode.swift; path = ProfileView.swift; sourceTree = "<group>"; };
		DC9964422C164CBF007D5D9B /* CastCrewView.swift */ = {isa = PBXFileReference; lastKnownFileType = sourcecode.swift; path = CastCrewView.swift; sourceTree = "<group>"; };
		DC9D515E2C1A478B00C9AAC5 /* Model.swift */ = {isa = PBXFileReference; lastKnownFileType = sourcecode.swift; path = Model.swift; sourceTree = "<group>"; };
		DCA02C5D2C0278560073E790 /* StarsRatingView.swift */ = {isa = PBXFileReference; lastKnownFileType = sourcecode.swift; path = StarsRatingView.swift; sourceTree = "<group>"; };
		DCA829D82C1065B40090B6CF /* MovieDetailModel.swift */ = {isa = PBXFileReference; lastKnownFileType = sourcecode.swift; path = MovieDetailModel.swift; sourceTree = "<group>"; };
		DCA829DA2C1067100090B6CF /* MovieDetailViewModel.swift */ = {isa = PBXFileReference; lastKnownFileType = sourcecode.swift; path = MovieDetailViewModel.swift; sourceTree = "<group>"; };
		DCB6B96E2C03CF330015F621 /* MovieDetailView.swift */ = {isa = PBXFileReference; lastKnownFileType = sourcecode.swift; path = MovieDetailView.swift; sourceTree = "<group>"; };
		DCE0C5A92C172E12001D7E81 /* PhotosView.swift */ = {isa = PBXFileReference; lastKnownFileType = sourcecode.swift; path = PhotosView.swift; sourceTree = "<group>"; };
		DCE0C5AB2C1739DD001D7E81 /* FavoriteAnimationView.swift */ = {isa = PBXFileReference; lastKnownFileType = sourcecode.swift; path = FavoriteAnimationView.swift; sourceTree = "<group>"; };
		DCEC87B72C0DDC6D00E721D6 /* MoviesModel.swift */ = {isa = PBXFileReference; lastKnownFileType = sourcecode.swift; path = MoviesModel.swift; sourceTree = "<group>"; };
/* End PBXFileReference section */

/* Begin PBXFrameworksBuildPhase section */
		DC5F883A2BFDDDA500C7657E /* Frameworks */ = {
			isa = PBXFrameworksBuildPhase;
			buildActionMask = 2147483647;
			files = (
				DCB6B96B2C03C1790015F621 /* Kingfisher in Frameworks */,
			);
			runOnlyForDeploymentPostprocessing = 0;
		};
		DC5F884A2BFDDDA600C7657E /* Frameworks */ = {
			isa = PBXFrameworksBuildPhase;
			buildActionMask = 2147483647;
			files = (
			);
			runOnlyForDeploymentPostprocessing = 0;
		};
		DC5F88542BFDDDA600C7657E /* Frameworks */ = {
			isa = PBXFrameworksBuildPhase;
			buildActionMask = 2147483647;
			files = (
			);
			runOnlyForDeploymentPostprocessing = 0;
		};
/* End PBXFrameworksBuildPhase section */

/* Begin PBXGroup section */
		DC5F88342BFDDDA500C7657E = {
			isa = PBXGroup;
			children = (
				DC6C5D0A2BFDEDEB00968B0B /* Configuration */,
				DC5F883F2BFDDDA500C7657E /* MovieApp */,
				DC5F88502BFDDDA600C7657E /* MovieAppTests */,
				DC5F885A2BFDDDA600C7657E /* MovieAppUITests */,
				DC5F883E2BFDDDA500C7657E /* Products */,
			);
			sourceTree = "<group>";
		};
		DC5F883E2BFDDDA500C7657E /* Products */ = {
			isa = PBXGroup;
			children = (
				DC5F883D2BFDDDA500C7657E /* MovieApp.app */,
				DC5F884D2BFDDDA600C7657E /* MovieAppTests.xctest */,
				DC5F88572BFDDDA600C7657E /* MovieAppUITests.xctest */,
			);
			name = Products;
			sourceTree = "<group>";
		};
		DC5F883F2BFDDDA500C7657E /* MovieApp */ = {
			isa = PBXGroup;
			children = (
				DC9D515D2C1A477E00C9AAC5 /* SwiftDataManager */,
				DC6C5D042BFDECDD00968B0B /* Networking */,
				DC8D067D2C0EFCA600FA23EE /* Extensions */,
				DCEC87B22C0DD4BB00E721D6 /* Screens */,
				DCEC87B12C0DD46500E721D6 /* Helpers */,
				DC6C5D0D2BFDEE8C00968B0B /* Info.plist */,
				DC5F88402BFDDDA500C7657E /* MovieAppApp.swift */,
				DC5F88442BFDDDA600C7657E /* Assets.xcassets */,
				DC1E54F62C0FA9EF0016FEDB /* Colors.xcassets */,
				DC5F88462BFDDDA600C7657E /* Preview Content */,
			);
			path = MovieApp;
			sourceTree = "<group>";
		};
		DC5F88462BFDDDA600C7657E /* Preview Content */ = {
			isa = PBXGroup;
			children = (
				DC5F88472BFDDDA600C7657E /* Preview Assets.xcassets */,
			);
			path = "Preview Content";
			sourceTree = "<group>";
		};
		DC5F88502BFDDDA600C7657E /* MovieAppTests */ = {
			isa = PBXGroup;
			children = (
				DC5F88512BFDDDA600C7657E /* MovieAppTests.swift */,
			);
			path = MovieAppTests;
			sourceTree = "<group>";
		};
		DC5F885A2BFDDDA600C7657E /* MovieAppUITests */ = {
			isa = PBXGroup;
			children = (
				DC5F885B2BFDDDA600C7657E /* MovieAppUITests.swift */,
				DC5F885D2BFDDDA600C7657E /* MovieAppUITestsLaunchTests.swift */,
			);
			path = MovieAppUITests;
			sourceTree = "<group>";
		};
		DC6C5D042BFDECDD00968B0B /* Networking */ = {
			isa = PBXGroup;
			children = (
				DC6C5D052BFDECF700968B0B /* Networkable */,
				DC6C5D062BFDECFD00968B0B /* Extensions */,
				DC6C5D072BFDED0500968B0B /* Base */,
				DC6C5D082BFDED0A00968B0B /* Request */,
				DC6C5D222BFDF38C00968B0B /* API.swift */,
			);
			path = Networking;
			sourceTree = "<group>";
		};
		DC6C5D052BFDECF700968B0B /* Networkable */ = {
			isa = PBXGroup;
			children = (
				DC6C5D0E2BFDEFD500968B0B /* Networkable.swift */,
				DC6C5D102BFDEFEF00968B0B /* Networkable+Extensions.swift */,
			);
			path = Networkable;
			sourceTree = "<group>";
		};
		DC6C5D062BFDECFD00968B0B /* Extensions */ = {
			isa = PBXGroup;
			children = (
				DC6C5D122BFDF00C00968B0B /* Bundle+Extensions.swift */,
				DC6C5D142BFDF01D00968B0B /* NSError.swift */,
				DC6C5D162BFDF03500968B0B /* URL+Extensions.swift */,
			);
			path = Extensions;
			sourceTree = "<group>";
		};
		DC6C5D072BFDED0500968B0B /* Base */ = {
			isa = PBXGroup;
			children = (
				DC6C5D182BFDF32200968B0B /* RequestMethod.swift */,
				DC6C5D1A2BFDF33400968B0B /* ContentType.swift */,
			);
			path = Base;
			sourceTree = "<group>";
		};
		DC6C5D082BFDED0A00968B0B /* Request */ = {
			isa = PBXGroup;
			children = (
				DC6C5D1E2BFDF35E00968B0B /* Movie.swift */,
			);
			path = Request;
			sourceTree = "<group>";
		};
		DC6C5D0A2BFDEDEB00968B0B /* Configuration */ = {
			isa = PBXGroup;
			children = (
				DC6C5D0B2BFDEE0900968B0B /* Production.xcconfig */,
				DC6C5D0C2BFDEE1100968B0B /* Development.xcconfig */,
			);
			path = Configuration;
			sourceTree = "<group>";
		};
		DC8D067D2C0EFCA600FA23EE /* Extensions */ = {
			isa = PBXGroup;
			children = (
				DC8D067E2C0EFCB400FA23EE /* Color+Extensions.swift */,
				DC668EEF2C18944700CAB342 /* Int+Extensions.swift */,
			);
			path = Extensions;
			sourceTree = "<group>";
		};
		DC99643E2C164C91007D5D9B /* CastCrew */ = {
			isa = PBXGroup;
			children = (
				DC9964402C164CB1007D5D9B /* View */,
			);
			path = CastCrew;
			sourceTree = "<group>";
		};
		DC9964402C164CB1007D5D9B /* View */ = {
			isa = PBXGroup;
			children = (
				DC9964422C164CBF007D5D9B /* CastCrewView.swift */,
			);
			path = View;
			sourceTree = "<group>";
		};
		DC9D515D2C1A477E00C9AAC5 /* SwiftDataManager */ = {
			isa = PBXGroup;
			children = (
				DC9D515E2C1A478B00C9AAC5 /* Model.swift */,
			);
			path = SwiftDataManager;
			sourceTree = "<group>";
		};
		DCE0C5A42C172D54001D7E81 /* Photos */ = {
			isa = PBXGroup;
			children = (
				DCE0C5A62C172DD0001D7E81 /* View */,
			);
			path = Photos;
			sourceTree = "<group>";
		};
		DCE0C5A62C172DD0001D7E81 /* View */ = {
			isa = PBXGroup;
			children = (
				DCE0C5A92C172E12001D7E81 /* PhotosView.swift */,
			);
			path = View;
			sourceTree = "<group>";
		};
		DCEC87AD2C0DD15300E721D6 /* Movies */ = {
			isa = PBXGroup;
			children = (
				DCEC87B02C0DD24B00E721D6 /* Model */,
				DCEC87AF2C0DD24600E721D6 /* View */,
				DCEC87AE2C0DD24000E721D6 /* ViewModel */,
			);
			path = Movies;
			sourceTree = "<group>";
		};
		DCEC87AE2C0DD24000E721D6 /* ViewModel */ = {
			isa = PBXGroup;
			children = (
				DC6C5D242BFDF50900968B0B /* MoviesViewModel.swift */,
			);
			path = ViewModel;
			sourceTree = "<group>";
		};
		DCEC87AF2C0DD24600E721D6 /* View */ = {
			isa = PBXGroup;
			children = (
				DC5F88422BFDDDA500C7657E /* MoviesView.swift */,
			);
			path = View;
			sourceTree = "<group>";
		};
		DCEC87B02C0DD24B00E721D6 /* Model */ = {
			isa = PBXGroup;
			children = (
				DCEC87B72C0DDC6D00E721D6 /* MoviesModel.swift */,
			);
			path = Model;
			sourceTree = "<group>";
		};
		DCEC87B12C0DD46500E721D6 /* Helpers */ = {
			isa = PBXGroup;
			children = (
				DC9686A32C012C6900D0D549 /* MovieCardView.swift */,
				DCA02C5D2C0278560073E790 /* StarsRatingView.swift */,
				DC1E54F42C0FA9620016FEDB /* DetailViewButton.swift */,
				DC1E54F82C0FAB630016FEDB /* CastCrewCell.swift */,
				DCE0C5AB2C1739DD001D7E81 /* FavoriteAnimationView.swift */,
			);
			path = Helpers;
			sourceTree = "<group>";
		};
		DCEC87B22C0DD4BB00E721D6 /* Screens */ = {
			isa = PBXGroup;
			children = (
				DC9686A52C012F5B00D0D549 /* MovieTabView.swift */,
				DCEC87AD2C0DD15300E721D6 /* Movies */,
				DCEC87B32C0DD4D800E721D6 /* MovieDetail */,
				DCEC87B92C0DDF5800E721D6 /* Favorites */,
				DCEC87BA2C0DDF6D00E721D6 /* Profile */,
				DC99643E2C164C91007D5D9B /* CastCrew */,
				DCE0C5A42C172D54001D7E81 /* Photos */,
			);
			path = Screens;
			sourceTree = "<group>";
		};
		DCEC87B32C0DD4D800E721D6 /* MovieDetail */ = {
			isa = PBXGroup;
			children = (
				DCEC87B62C0DD4EC00E721D6 /* Model */,
				DCEC87B52C0DD4E800E721D6 /* View */,
				DCEC87B42C0DD4E300E721D6 /* ViewModel */,
			);
			path = MovieDetail;
			sourceTree = "<group>";
		};
		DCEC87B42C0DD4E300E721D6 /* ViewModel */ = {
			isa = PBXGroup;
			children = (
				DCA829DA2C1067100090B6CF /* MovieDetailViewModel.swift */,
			);
			path = ViewModel;
			sourceTree = "<group>";
		};
		DCEC87B52C0DD4E800E721D6 /* View */ = {
			isa = PBXGroup;
			children = (
				DCB6B96E2C03CF330015F621 /* MovieDetailView.swift */,
			);
			path = View;
			sourceTree = "<group>";
		};
		DCEC87B62C0DD4EC00E721D6 /* Model */ = {
			isa = PBXGroup;
			children = (
				DCA829D82C1065B40090B6CF /* MovieDetailModel.swift */,
			);
			path = Model;
			sourceTree = "<group>";
		};
		DCEC87B92C0DDF5800E721D6 /* Favorites */ = {
			isa = PBXGroup;
			children = (
				DC9686A72C012FD400D0D549 /* FavoritesView.swift */,
			);
			path = Favorites;
			sourceTree = "<group>";
		};
		DCEC87BA2C0DDF6D00E721D6 /* Profile */ = {
			isa = PBXGroup;
			children = (
				DC9686A92C01300500D0D549 /* ProfileView.swift */,
			);
			path = Profile;
			sourceTree = "<group>";
		};
/* End PBXGroup section */

/* Begin PBXNativeTarget section */
		DC5F883C2BFDDDA500C7657E /* MovieApp */ = {
			isa = PBXNativeTarget;
			buildConfigurationList = DC5F88612BFDDDA600C7657E /* Build configuration list for PBXNativeTarget "MovieApp" */;
			buildPhases = (
				DC5F88392BFDDDA500C7657E /* Sources */,
				DC5F883A2BFDDDA500C7657E /* Frameworks */,
				DC5F883B2BFDDDA500C7657E /* Resources */,
			);
			buildRules = (
			);
			dependencies = (
			);
			name = MovieApp;
			packageProductDependencies = (
				DCB6B96A2C03C1790015F621 /* Kingfisher */,
			);
			productName = MovieApp;
			productReference = DC5F883D2BFDDDA500C7657E /* MovieApp.app */;
			productType = "com.apple.product-type.application";
		};
		DC5F884C2BFDDDA600C7657E /* MovieAppTests */ = {
			isa = PBXNativeTarget;
			buildConfigurationList = DC5F88642BFDDDA600C7657E /* Build configuration list for PBXNativeTarget "MovieAppTests" */;
			buildPhases = (
				DC5F88492BFDDDA600C7657E /* Sources */,
				DC5F884A2BFDDDA600C7657E /* Frameworks */,
				DC5F884B2BFDDDA600C7657E /* Resources */,
			);
			buildRules = (
			);
			dependencies = (
				DC5F884F2BFDDDA600C7657E /* PBXTargetDependency */,
			);
			name = MovieAppTests;
			productName = MovieAppTests;
			productReference = DC5F884D2BFDDDA600C7657E /* MovieAppTests.xctest */;
			productType = "com.apple.product-type.bundle.unit-test";
		};
		DC5F88562BFDDDA600C7657E /* MovieAppUITests */ = {
			isa = PBXNativeTarget;
			buildConfigurationList = DC5F88672BFDDDA600C7657E /* Build configuration list for PBXNativeTarget "MovieAppUITests" */;
			buildPhases = (
				DC5F88532BFDDDA600C7657E /* Sources */,
				DC5F88542BFDDDA600C7657E /* Frameworks */,
				DC5F88552BFDDDA600C7657E /* Resources */,
			);
			buildRules = (
			);
			dependencies = (
				DC5F88592BFDDDA600C7657E /* PBXTargetDependency */,
			);
			name = MovieAppUITests;
			productName = MovieAppUITests;
			productReference = DC5F88572BFDDDA600C7657E /* MovieAppUITests.xctest */;
			productType = "com.apple.product-type.bundle.ui-testing";
		};
/* End PBXNativeTarget section */

/* Begin PBXProject section */
		DC5F88352BFDDDA500C7657E /* Project object */ = {
			isa = PBXProject;
			attributes = {
				BuildIndependentTargetsInParallel = 1;
				LastSwiftUpdateCheck = 1510;
				LastUpgradeCheck = 1510;
				TargetAttributes = {
					DC5F883C2BFDDDA500C7657E = {
						CreatedOnToolsVersion = 15.1;
					};
					DC5F884C2BFDDDA600C7657E = {
						CreatedOnToolsVersion = 15.1;
						TestTargetID = DC5F883C2BFDDDA500C7657E;
					};
					DC5F88562BFDDDA600C7657E = {
						CreatedOnToolsVersion = 15.1;
						TestTargetID = DC5F883C2BFDDDA500C7657E;
					};
				};
			};
			buildConfigurationList = DC5F88382BFDDDA500C7657E /* Build configuration list for PBXProject "MovieApp" */;
			compatibilityVersion = "Xcode 14.0";
			developmentRegion = en;
			hasScannedForEncodings = 0;
			knownRegions = (
				en,
				Base,
			);
			mainGroup = DC5F88342BFDDDA500C7657E;
			packageReferences = (
				DCB6B9692C03C1790015F621 /* XCRemoteSwiftPackageReference "Kingfisher" */,
			);
			productRefGroup = DC5F883E2BFDDDA500C7657E /* Products */;
			projectDirPath = "";
			projectRoot = "";
			targets = (
				DC5F883C2BFDDDA500C7657E /* MovieApp */,
				DC5F884C2BFDDDA600C7657E /* MovieAppTests */,
				DC5F88562BFDDDA600C7657E /* MovieAppUITests */,
			);
		};
/* End PBXProject section */

/* Begin PBXResourcesBuildPhase section */
		DC5F883B2BFDDDA500C7657E /* Resources */ = {
			isa = PBXResourcesBuildPhase;
			buildActionMask = 2147483647;
			files = (
				DC1E54F72C0FA9EF0016FEDB /* Colors.xcassets in Resources */,
				DC5F88482BFDDDA600C7657E /* Preview Assets.xcassets in Resources */,
				DC5F88452BFDDDA600C7657E /* Assets.xcassets in Resources */,
			);
			runOnlyForDeploymentPostprocessing = 0;
		};
		DC5F884B2BFDDDA600C7657E /* Resources */ = {
			isa = PBXResourcesBuildPhase;
			buildActionMask = 2147483647;
			files = (
			);
			runOnlyForDeploymentPostprocessing = 0;
		};
		DC5F88552BFDDDA600C7657E /* Resources */ = {
			isa = PBXResourcesBuildPhase;
			buildActionMask = 2147483647;
			files = (
			);
			runOnlyForDeploymentPostprocessing = 0;
		};
/* End PBXResourcesBuildPhase section */

/* Begin PBXSourcesBuildPhase section */
		DC5F88392BFDDDA500C7657E /* Sources */ = {
			isa = PBXSourcesBuildPhase;
			buildActionMask = 2147483647;
			files = (
				DC6C5D192BFDF32200968B0B /* RequestMethod.swift in Sources */,
				DC1E54F52C0FA9620016FEDB /* DetailViewButton.swift in Sources */,
				DC6C5D112BFDEFEF00968B0B /* Networkable+Extensions.swift in Sources */,
				DC6C5D172BFDF03500968B0B /* URL+Extensions.swift in Sources */,
				DC9686A82C012FD400D0D549 /* FavoritesView.swift in Sources */,
				DC6C5D132BFDF00C00968B0B /* Bundle+Extensions.swift in Sources */,
				DC5F88432BFDDDA500C7657E /* MoviesView.swift in Sources */,
				DC6C5D0F2BFDEFD500968B0B /* Networkable.swift in Sources */,
				DC6C5D232BFDF38C00968B0B /* API.swift in Sources */,
				DCB6B96F2C03CF330015F621 /* MovieDetailView.swift in Sources */,
				DC9686AA2C01300500D0D549 /* ProfileView.swift in Sources */,
				DC1E54F92C0FAB630016FEDB /* CastCrewCell.swift in Sources */,
				DCA829D92C1065B40090B6CF /* MovieDetailModel.swift in Sources */,
				DC8D067F2C0EFCB400FA23EE /* Color+Extensions.swift in Sources */,
				DCA02C5E2C0278560073E790 /* StarsRatingView.swift in Sources */,
				DC5F88412BFDDDA500C7657E /* MovieAppApp.swift in Sources */,
				DC6C5D252BFDF50900968B0B /* MoviesViewModel.swift in Sources */,
				DC9686A42C012C6900D0D549 /* MovieCardView.swift in Sources */,
				DC6C5D152BFDF01D00968B0B /* NSError.swift in Sources */,
				DCE0C5AA2C172E12001D7E81 /* PhotosView.swift in Sources */,
				DCEC87B82C0DDC6D00E721D6 /* MoviesModel.swift in Sources */,
				DCE0C5AC2C1739DD001D7E81 /* FavoriteAnimationView.swift in Sources */,
				DC9964432C164CBF007D5D9B /* CastCrewView.swift in Sources */,
				DCA829DB2C1067100090B6CF /* MovieDetailViewModel.swift in Sources */,
				DC6C5D1F2BFDF35E00968B0B /* Movie.swift in Sources */,
				DC9D515F2C1A478B00C9AAC5 /* Model.swift in Sources */,
				DC668EF02C18944700CAB342 /* Int+Extensions.swift in Sources */,
				DC6C5D1B2BFDF33400968B0B /* ContentType.swift in Sources */,
				DC9686A62C012F5B00D0D549 /* MovieTabView.swift in Sources */,
			);
			runOnlyForDeploymentPostprocessing = 0;
		};
		DC5F88492BFDDDA600C7657E /* Sources */ = {
			isa = PBXSourcesBuildPhase;
			buildActionMask = 2147483647;
			files = (
				DC5F88522BFDDDA600C7657E /* MovieAppTests.swift in Sources */,
			);
			runOnlyForDeploymentPostprocessing = 0;
		};
		DC5F88532BFDDDA600C7657E /* Sources */ = {
			isa = PBXSourcesBuildPhase;
			buildActionMask = 2147483647;
			files = (
				DC5F885E2BFDDDA600C7657E /* MovieAppUITestsLaunchTests.swift in Sources */,
				DC5F885C2BFDDDA600C7657E /* MovieAppUITests.swift in Sources */,
			);
			runOnlyForDeploymentPostprocessing = 0;
		};
/* End PBXSourcesBuildPhase section */

/* Begin PBXTargetDependency section */
		DC5F884F2BFDDDA600C7657E /* PBXTargetDependency */ = {
			isa = PBXTargetDependency;
			target = DC5F883C2BFDDDA500C7657E /* MovieApp */;
			targetProxy = DC5F884E2BFDDDA600C7657E /* PBXContainerItemProxy */;
		};
		DC5F88592BFDDDA600C7657E /* PBXTargetDependency */ = {
			isa = PBXTargetDependency;
			target = DC5F883C2BFDDDA500C7657E /* MovieApp */;
			targetProxy = DC5F88582BFDDDA600C7657E /* PBXContainerItemProxy */;
		};
/* End PBXTargetDependency section */

/* Begin XCBuildConfiguration section */
		DC5F885F2BFDDDA600C7657E /* Debug */ = {
			isa = XCBuildConfiguration;
			baseConfigurationReference = DC6C5D0C2BFDEE1100968B0B /* Development.xcconfig */;
			buildSettings = {
				ALWAYS_SEARCH_USER_PATHS = NO;
				ASSETCATALOG_COMPILER_GENERATE_SWIFT_ASSET_SYMBOL_EXTENSIONS = YES;
				CLANG_ANALYZER_NONNULL = YES;
				CLANG_ANALYZER_NUMBER_OBJECT_CONVERSION = YES_AGGRESSIVE;
				CLANG_CXX_LANGUAGE_STANDARD = "gnu++20";
				CLANG_ENABLE_MODULES = YES;
				CLANG_ENABLE_OBJC_ARC = YES;
				CLANG_ENABLE_OBJC_WEAK = YES;
				CLANG_WARN_BLOCK_CAPTURE_AUTORELEASING = YES;
				CLANG_WARN_BOOL_CONVERSION = YES;
				CLANG_WARN_COMMA = YES;
				CLANG_WARN_CONSTANT_CONVERSION = YES;
				CLANG_WARN_DEPRECATED_OBJC_IMPLEMENTATIONS = YES;
				CLANG_WARN_DIRECT_OBJC_ISA_USAGE = YES_ERROR;
				CLANG_WARN_DOCUMENTATION_COMMENTS = YES;
				CLANG_WARN_EMPTY_BODY = YES;
				CLANG_WARN_ENUM_CONVERSION = YES;
				CLANG_WARN_INFINITE_RECURSION = YES;
				CLANG_WARN_INT_CONVERSION = YES;
				CLANG_WARN_NON_LITERAL_NULL_CONVERSION = YES;
				CLANG_WARN_OBJC_IMPLICIT_RETAIN_SELF = YES;
				CLANG_WARN_OBJC_LITERAL_CONVERSION = YES;
				CLANG_WARN_OBJC_ROOT_CLASS = YES_ERROR;
				CLANG_WARN_QUOTED_INCLUDE_IN_FRAMEWORK_HEADER = YES;
				CLANG_WARN_RANGE_LOOP_ANALYSIS = YES;
				CLANG_WARN_STRICT_PROTOTYPES = YES;
				CLANG_WARN_SUSPICIOUS_MOVE = YES;
				CLANG_WARN_UNGUARDED_AVAILABILITY = YES_AGGRESSIVE;
				CLANG_WARN_UNREACHABLE_CODE = YES;
				CLANG_WARN__DUPLICATE_METHOD_MATCH = YES;
				COPY_PHASE_STRIP = NO;
				DEBUG_INFORMATION_FORMAT = dwarf;
				ENABLE_STRICT_OBJC_MSGSEND = YES;
				ENABLE_TESTABILITY = YES;
				ENABLE_USER_SCRIPT_SANDBOXING = YES;
				GCC_C_LANGUAGE_STANDARD = gnu17;
				GCC_DYNAMIC_NO_PIC = NO;
				GCC_NO_COMMON_BLOCKS = YES;
				GCC_OPTIMIZATION_LEVEL = 0;
				GCC_PREPROCESSOR_DEFINITIONS = (
					"DEBUG=1",
					"$(inherited)",
				);
				GCC_WARN_64_TO_32_BIT_CONVERSION = YES;
				GCC_WARN_ABOUT_RETURN_TYPE = YES_ERROR;
				GCC_WARN_UNDECLARED_SELECTOR = YES;
				GCC_WARN_UNINITIALIZED_AUTOS = YES_AGGRESSIVE;
				GCC_WARN_UNUSED_FUNCTION = YES;
				GCC_WARN_UNUSED_VARIABLE = YES;
				IPHONEOS_DEPLOYMENT_TARGET = 17.2;
				LOCALIZATION_PREFERS_STRING_CATALOGS = YES;
				MTL_ENABLE_DEBUG_INFO = INCLUDE_SOURCE;
				MTL_FAST_MATH = YES;
				ONLY_ACTIVE_ARCH = YES;
				SDKROOT = iphoneos;
				SWIFT_ACTIVE_COMPILATION_CONDITIONS = "DEBUG $(inherited)";
				SWIFT_OPTIMIZATION_LEVEL = "-Onone";
			};
			name = Debug;
		};
		DC5F88602BFDDDA600C7657E /* Release */ = {
			isa = XCBuildConfiguration;
			baseConfigurationReference = DC6C5D0B2BFDEE0900968B0B /* Production.xcconfig */;
			buildSettings = {
				ALWAYS_SEARCH_USER_PATHS = NO;
				ASSETCATALOG_COMPILER_GENERATE_SWIFT_ASSET_SYMBOL_EXTENSIONS = YES;
				CLANG_ANALYZER_NONNULL = YES;
				CLANG_ANALYZER_NUMBER_OBJECT_CONVERSION = YES_AGGRESSIVE;
				CLANG_CXX_LANGUAGE_STANDARD = "gnu++20";
				CLANG_ENABLE_MODULES = YES;
				CLANG_ENABLE_OBJC_ARC = YES;
				CLANG_ENABLE_OBJC_WEAK = YES;
				CLANG_WARN_BLOCK_CAPTURE_AUTORELEASING = YES;
				CLANG_WARN_BOOL_CONVERSION = YES;
				CLANG_WARN_COMMA = YES;
				CLANG_WARN_CONSTANT_CONVERSION = YES;
				CLANG_WARN_DEPRECATED_OBJC_IMPLEMENTATIONS = YES;
				CLANG_WARN_DIRECT_OBJC_ISA_USAGE = YES_ERROR;
				CLANG_WARN_DOCUMENTATION_COMMENTS = YES;
				CLANG_WARN_EMPTY_BODY = YES;
				CLANG_WARN_ENUM_CONVERSION = YES;
				CLANG_WARN_INFINITE_RECURSION = YES;
				CLANG_WARN_INT_CONVERSION = YES;
				CLANG_WARN_NON_LITERAL_NULL_CONVERSION = YES;
				CLANG_WARN_OBJC_IMPLICIT_RETAIN_SELF = YES;
				CLANG_WARN_OBJC_LITERAL_CONVERSION = YES;
				CLANG_WARN_OBJC_ROOT_CLASS = YES_ERROR;
				CLANG_WARN_QUOTED_INCLUDE_IN_FRAMEWORK_HEADER = YES;
				CLANG_WARN_RANGE_LOOP_ANALYSIS = YES;
				CLANG_WARN_STRICT_PROTOTYPES = YES;
				CLANG_WARN_SUSPICIOUS_MOVE = YES;
				CLANG_WARN_UNGUARDED_AVAILABILITY = YES_AGGRESSIVE;
				CLANG_WARN_UNREACHABLE_CODE = YES;
				CLANG_WARN__DUPLICATE_METHOD_MATCH = YES;
				COPY_PHASE_STRIP = NO;
				DEBUG_INFORMATION_FORMAT = "dwarf-with-dsym";
				ENABLE_NS_ASSERTIONS = NO;
				ENABLE_STRICT_OBJC_MSGSEND = YES;
				ENABLE_USER_SCRIPT_SANDBOXING = YES;
				GCC_C_LANGUAGE_STANDARD = gnu17;
				GCC_NO_COMMON_BLOCKS = YES;
				GCC_WARN_64_TO_32_BIT_CONVERSION = YES;
				GCC_WARN_ABOUT_RETURN_TYPE = YES_ERROR;
				GCC_WARN_UNDECLARED_SELECTOR = YES;
				GCC_WARN_UNINITIALIZED_AUTOS = YES_AGGRESSIVE;
				GCC_WARN_UNUSED_FUNCTION = YES;
				GCC_WARN_UNUSED_VARIABLE = YES;
				IPHONEOS_DEPLOYMENT_TARGET = 17.2;
				LOCALIZATION_PREFERS_STRING_CATALOGS = YES;
				MTL_ENABLE_DEBUG_INFO = NO;
				MTL_FAST_MATH = YES;
				SDKROOT = iphoneos;
				SWIFT_COMPILATION_MODE = wholemodule;
				VALIDATE_PRODUCT = YES;
			};
			name = Release;
		};
		DC5F88622BFDDDA600C7657E /* Debug */ = {
			isa = XCBuildConfiguration;
			buildSettings = {
				API_KEY = c8f00c57b8f4aab6cff70f72782b6338;
				ASSETCATALOG_COMPILER_APPICON_NAME = AppIcon;
				ASSETCATALOG_COMPILER_GLOBAL_ACCENT_COLOR_NAME = AccentColor;
				CODE_SIGN_STYLE = Automatic;
				CURRENT_PROJECT_VERSION = 1;
				DEVELOPMENT_ASSET_PATHS = "\"MovieApp/Preview Content\"";
				DEVELOPMENT_TEAM = M9BG9J9LFY;
				ENABLE_PREVIEWS = YES;
				GENERATE_INFOPLIST_FILE = YES;
				INFOPLIST_FILE = MovieApp/Info.plist;
				INFOPLIST_KEY_UIApplicationSceneManifest_Generation = YES;
				INFOPLIST_KEY_UIApplicationSupportsIndirectInputEvents = YES;
				INFOPLIST_KEY_UILaunchScreen_Generation = YES;
				INFOPLIST_KEY_UIStatusBarStyle = "";
				INFOPLIST_KEY_UISupportedInterfaceOrientations = UIInterfaceOrientationPortrait;
				INFOPLIST_KEY_UISupportedInterfaceOrientations_iPad = "UIInterfaceOrientationLandscapeLeft UIInterfaceOrientationLandscapeRight UIInterfaceOrientationPortrait UIInterfaceOrientationPortraitUpsideDown";
				LD_RUNPATH_SEARCH_PATHS = (
					"$(inherited)",
					"@executable_path/Frameworks",
				);
				MARKETING_VERSION = 1.0;
				PRODUCT_BUNDLE_IDENTIFIER = com.Recep.MovieApp;
				PRODUCT_NAME = "$(TARGET_NAME)";
				SUPPORTED_PLATFORMS = "iphoneos iphonesimulator";
				SUPPORTS_MACCATALYST = NO;
				SUPPORTS_MAC_DESIGNED_FOR_IPHONE_IPAD = NO;
				SWIFT_EMIT_LOC_STRINGS = YES;
				SWIFT_VERSION = 5.0;
				TARGETED_DEVICE_FAMILY = 1;
			};
			name = Debug;
		};
		DC5F88632BFDDDA600C7657E /* Release */ = {
			isa = XCBuildConfiguration;
			buildSettings = {
				API_KEY = c8f00c57b8f4aab6cff70f72782b6338;
				ASSETCATALOG_COMPILER_APPICON_NAME = AppIcon;
				ASSETCATALOG_COMPILER_GLOBAL_ACCENT_COLOR_NAME = AccentColor;
				CODE_SIGN_STYLE = Automatic;
				CURRENT_PROJECT_VERSION = 1;
				DEVELOPMENT_ASSET_PATHS = "\"MovieApp/Preview Content\"";
				DEVELOPMENT_TEAM = M9BG9J9LFY;
				ENABLE_PREVIEWS = YES;
				GENERATE_INFOPLIST_FILE = YES;
				INFOPLIST_FILE = MovieApp/Info.plist;
				INFOPLIST_KEY_UIApplicationSceneManifest_Generation = YES;
				INFOPLIST_KEY_UIApplicationSupportsIndirectInputEvents = YES;
				INFOPLIST_KEY_UILaunchScreen_Generation = YES;
				INFOPLIST_KEY_UIStatusBarStyle = "";
				INFOPLIST_KEY_UISupportedInterfaceOrientations = UIInterfaceOrientationPortrait;
				INFOPLIST_KEY_UISupportedInterfaceOrientations_iPad = "UIInterfaceOrientationLandscapeLeft UIInterfaceOrientationLandscapeRight UIInterfaceOrientationPortrait UIInterfaceOrientationPortraitUpsideDown";
				LD_RUNPATH_SEARCH_PATHS = (
					"$(inherited)",
					"@executable_path/Frameworks",
				);
				MARKETING_VERSION = 1.0;
				PRODUCT_BUNDLE_IDENTIFIER = com.Recep.MovieApp;
				PRODUCT_NAME = "$(TARGET_NAME)";
				SUPPORTED_PLATFORMS = "iphoneos iphonesimulator";
				SUPPORTS_MACCATALYST = NO;
				SUPPORTS_MAC_DESIGNED_FOR_IPHONE_IPAD = NO;
				SWIFT_EMIT_LOC_STRINGS = YES;
				SWIFT_VERSION = 5.0;
				TARGETED_DEVICE_FAMILY = 1;
			};
			name = Release;
		};
		DC5F88652BFDDDA600C7657E /* Debug */ = {
			isa = XCBuildConfiguration;
			buildSettings = {
				ALWAYS_EMBED_SWIFT_STANDARD_LIBRARIES = YES;
				BUNDLE_LOADER = "$(TEST_HOST)";
				CODE_SIGN_STYLE = Automatic;
				CURRENT_PROJECT_VERSION = 1;
				DEVELOPMENT_TEAM = M9BG9J9LFY;
				GENERATE_INFOPLIST_FILE = YES;
				IPHONEOS_DEPLOYMENT_TARGET = 17.2;
				MARKETING_VERSION = 1.0;
				PRODUCT_BUNDLE_IDENTIFIER = com.Recep.MovieAppTests;
				PRODUCT_NAME = "$(TARGET_NAME)";
				SWIFT_EMIT_LOC_STRINGS = NO;
				SWIFT_VERSION = 5.0;
				TARGETED_DEVICE_FAMILY = "1,2";
				TEST_HOST = "$(BUILT_PRODUCTS_DIR)/MovieApp.app/$(BUNDLE_EXECUTABLE_FOLDER_PATH)/MovieApp";
			};
			name = Debug;
		};
		DC5F88662BFDDDA600C7657E /* Release */ = {
			isa = XCBuildConfiguration;
			buildSettings = {
				ALWAYS_EMBED_SWIFT_STANDARD_LIBRARIES = YES;
				BUNDLE_LOADER = "$(TEST_HOST)";
				CODE_SIGN_STYLE = Automatic;
				CURRENT_PROJECT_VERSION = 1;
				DEVELOPMENT_TEAM = M9BG9J9LFY;
				GENERATE_INFOPLIST_FILE = YES;
				IPHONEOS_DEPLOYMENT_TARGET = 17.2;
				MARKETING_VERSION = 1.0;
				PRODUCT_BUNDLE_IDENTIFIER = com.Recep.MovieAppTests;
				PRODUCT_NAME = "$(TARGET_NAME)";
				SWIFT_EMIT_LOC_STRINGS = NO;
				SWIFT_VERSION = 5.0;
				TARGETED_DEVICE_FAMILY = "1,2";
				TEST_HOST = "$(BUILT_PRODUCTS_DIR)/MovieApp.app/$(BUNDLE_EXECUTABLE_FOLDER_PATH)/MovieApp";
			};
			name = Release;
		};
		DC5F88682BFDDDA600C7657E /* Debug */ = {
			isa = XCBuildConfiguration;
			buildSettings = {
				ALWAYS_EMBED_SWIFT_STANDARD_LIBRARIES = YES;
				CODE_SIGN_STYLE = Automatic;
				CURRENT_PROJECT_VERSION = 1;
				DEVELOPMENT_TEAM = M9BG9J9LFY;
				GENERATE_INFOPLIST_FILE = YES;
				MARKETING_VERSION = 1.0;
				PRODUCT_BUNDLE_IDENTIFIER = com.Recep.MovieAppUITests;
				PRODUCT_NAME = "$(TARGET_NAME)";
				SWIFT_EMIT_LOC_STRINGS = NO;
				SWIFT_VERSION = 5.0;
				TARGETED_DEVICE_FAMILY = "1,2";
				TEST_TARGET_NAME = MovieApp;
			};
			name = Debug;
		};
		DC5F88692BFDDDA600C7657E /* Release */ = {
			isa = XCBuildConfiguration;
			buildSettings = {
				ALWAYS_EMBED_SWIFT_STANDARD_LIBRARIES = YES;
				CODE_SIGN_STYLE = Automatic;
				CURRENT_PROJECT_VERSION = 1;
				DEVELOPMENT_TEAM = M9BG9J9LFY;
				GENERATE_INFOPLIST_FILE = YES;
				MARKETING_VERSION = 1.0;
				PRODUCT_BUNDLE_IDENTIFIER = com.Recep.MovieAppUITests;
				PRODUCT_NAME = "$(TARGET_NAME)";
				SWIFT_EMIT_LOC_STRINGS = NO;
				SWIFT_VERSION = 5.0;
				TARGETED_DEVICE_FAMILY = "1,2";
				TEST_TARGET_NAME = MovieApp;
			};
			name = Release;
		};
/* End XCBuildConfiguration section */

/* Begin XCConfigurationList section */
		DC5F88382BFDDDA500C7657E /* Build configuration list for PBXProject "MovieApp" */ = {
			isa = XCConfigurationList;
			buildConfigurations = (
				DC5F885F2BFDDDA600C7657E /* Debug */,
				DC5F88602BFDDDA600C7657E /* Release */,
			);
			defaultConfigurationIsVisible = 0;
			defaultConfigurationName = Release;
		};
		DC5F88612BFDDDA600C7657E /* Build configuration list for PBXNativeTarget "MovieApp" */ = {
			isa = XCConfigurationList;
			buildConfigurations = (
				DC5F88622BFDDDA600C7657E /* Debug */,
				DC5F88632BFDDDA600C7657E /* Release */,
			);
			defaultConfigurationIsVisible = 0;
			defaultConfigurationName = Release;
		};
		DC5F88642BFDDDA600C7657E /* Build configuration list for PBXNativeTarget "MovieAppTests" */ = {
			isa = XCConfigurationList;
			buildConfigurations = (
				DC5F88652BFDDDA600C7657E /* Debug */,
				DC5F88662BFDDDA600C7657E /* Release */,
			);
			defaultConfigurationIsVisible = 0;
			defaultConfigurationName = Release;
		};
		DC5F88672BFDDDA600C7657E /* Build configuration list for PBXNativeTarget "MovieAppUITests" */ = {
			isa = XCConfigurationList;
			buildConfigurations = (
				DC5F88682BFDDDA600C7657E /* Debug */,
				DC5F88692BFDDDA600C7657E /* Release */,
			);
			defaultConfigurationIsVisible = 0;
			defaultConfigurationName = Release;
		};
/* End XCConfigurationList section */

/* Begin XCRemoteSwiftPackageReference section */
		DCB6B9692C03C1790015F621 /* XCRemoteSwiftPackageReference "Kingfisher" */ = {
			isa = XCRemoteSwiftPackageReference;
			repositoryURL = "https://github.com/onevcat/Kingfisher.git";
			requirement = {
				kind = upToNextMajorVersion;
				minimumVersion = 7.11.0;
			};
		};
/* End XCRemoteSwiftPackageReference section */

/* Begin XCSwiftPackageProductDependency section */
		DCB6B96A2C03C1790015F621 /* Kingfisher */ = {
			isa = XCSwiftPackageProductDependency;
			package = DCB6B9692C03C1790015F621 /* XCRemoteSwiftPackageReference "Kingfisher" */;
			productName = Kingfisher;
		};
/* End XCSwiftPackageProductDependency section */
	};
	rootObject = DC5F88352BFDDDA500C7657E /* Project object */;
}
